
Microsoft Visual Studio Solution File, Format Version 12.00
# Visual Studio 15
Project("{FAE04EC0-301F-11D3-BF4B-00C04F79EFBC}") = "Assembly-CSharp", "Assembly-CSharp.csproj", "{B702D7C5-3EA6-05B6-EA5F-01E4813EE694}"
EndProject
Project("{FAE04EC0-301F-11D3-BF4B-00C04F79EFBC}") = "Assembly-CSharp-Editor", "Assembly-CSharp-Editor.csproj", "{E2510799-B2B2-2206-113A-1E8BAA983AFE}"
EndProject
Global
	GlobalSection(SolutionConfigurationPlatforms) = preSolution
		Debug|Any CPU = Debug|Any CPU
		Release|Any CPU = Release|Any CPU
	EndGlobalSection
	GlobalSection(ProjectConfigurationPlatforms) = postSolution
		{B702D7C5-3EA6-05B6-EA5F-01E4813EE694}.Debug|Any CPU.ActiveCfg = Debug|Any CPU
		{B702D7C5-3EA6-05B6-EA5F-01E4813EE694}.Debug|Any CPU.Build.0 = Debug|Any CPU
		{B702D7C5-3EA6-05B6-EA5F-01E4813EE694}.Release|Any CPU.ActiveCfg = Release|Any CPU
		{B702D7C5-3EA6-05B6-EA5F-01E4813EE694}.Release|Any CPU.Build.0 = Release|Any CPU
		{E2510799-B2B2-2206-113A-1E8BAA983AFE}.Debug|Any CPU.ActiveCfg = Debug|Any CPU
		{E2510799-B2B2-2206-113A-1E8BAA983AFE}.Debug|Any CPU.Build.0 = Debug|Any CPU
		{E2510799-B2B2-2206-113A-1E8BAA983AFE}.Release|Any CPU.ActiveCfg = Release|Any CPU
		{E2510799-B2B2-2206-113A-1E8BAA983AFE}.Release|Any CPU.Build.0 = Release|Any CPU
	EndGlobalSection
	GlobalSection(SolutionProperties) = preSolution
		HideSolutionNode = FALSE
	EndGlobalSection
EndGlobal
